
Microsoft Visual Studio Solution File, Format Version 12.00
# Visual Studio Version 17
VisualStudioVersion = 17.8.34322.80
MinimumVisualStudioVersion = 10.0.40219.1
Project("{FAE04EC0-301F-11D3-BF4B-00C04F79EFBC}") = "crud-productos.Server", "crud-productos.Server\crud-productos.Server.csproj", "{C016F708-875D-48E6-8558-2BB1E36E94BB}"
EndProject
Project("{54A90642-561A-4BB1-A94E-469ADEE60C69}") = "crud-productos.client", "crud-productos.client\crud-productos.client.esproj", "{3A547549-B625-445F-8E37-7895B1076D0A}"
EndProject
Global
	GlobalSection(SolutionConfigurationPlatforms) = preSolution
		Debug|Any CPU = Debug|Any CPU
		Release|Any CPU = Release|Any CPU
	EndGlobalSection
	GlobalSection(ProjectConfigurationPlatforms) = postSolution
		{C016F708-875D-48E6-8558-2BB1E36E94BB}.Debug|Any CPU.ActiveCfg = Debug|Any CPU
		{C016F708-875D-48E6-8558-2BB1E36E94BB}.Debug|Any CPU.Build.0 = Debug|Any CPU
		{C016F708-875D-48E6-8558-2BB1E36E94BB}.Release|Any CPU.ActiveCfg = Release|Any CPU
		{C016F708-875D-48E6-8558-2BB1E36E94BB}.Release|Any CPU.Build.0 = Release|Any CPU
		{3A547549-B625-445F-8E37-7895B1076D0A}.Debug|Any CPU.ActiveCfg = Debug|Any CPU
		{3A547549-B625-445F-8E37-7895B1076D0A}.Debug|Any CPU.Build.0 = Debug|Any CPU
		{3A547549-B625-445F-8E37-7895B1076D0A}.Debug|Any CPU.Deploy.0 = Debug|Any CPU
		{3A547549-B625-445F-8E37-7895B1076D0A}.Release|Any CPU.ActiveCfg = Release|Any CPU
		{3A547549-B625-445F-8E37-7895B1076D0A}.Release|Any CPU.Build.0 = Release|Any CPU
		{3A547549-B625-445F-8E37-7895B1076D0A}.Release|Any CPU.Deploy.0 = Release|Any CPU
	EndGlobalSection
	GlobalSection(SolutionProperties) = preSolution
		HideSolutionNode = FALSE
	EndGlobalSection
	GlobalSection(ExtensibilityGlobals) = postSolution
		SolutionGuid = {7031FE15-6B0E-4F9B-BD4F-4A5CF13F3585}
	EndGlobalSection
EndGlobal
